
Microsoft Visual Studio Solution File, Format Version 12.00
# Visual Studio Express 2012 for Windows Desktop
Project("{FAE04EC0-301F-11D3-BF4B-00C04F79EFBC}") = "Oefeningen_06.03_Getallen", "Oefeningen_06.03_Getallen\Oefeningen_06.03_Getallen.csproj", "{811C6CE3-9BEA-40B9-99A1-8A388F71EA0B}"
EndProject
Global
	GlobalSection(SolutionConfigurationPlatforms) = preSolution
		Debug|Any CPU = Debug|Any CPU
		Release|Any CPU = Release|Any CPU
	EndGlobalSection
	GlobalSection(ProjectConfigurationPlatforms) = postSolution
		{811C6CE3-9BEA-40B9-99A1-8A388F71EA0B}.Debug|Any CPU.ActiveCfg = Debug|Any CPU
		{811C6CE3-9BEA-40B9-99A1-8A388F71EA0B}.Debug|Any CPU.Build.0 = Debug|Any CPU
		{811C6CE3-9BEA-40B9-99A1-8A388F71EA0B}.Release|Any CPU.ActiveCfg = Release|Any CPU
		{811C6CE3-9BEA-40B9-99A1-8A388F71EA0B}.Release|Any CPU.Build.0 = Release|Any CPU
	EndGlobalSection
	GlobalSection(SolutionProperties) = preSolution
		HideSolutionNode = FALSE
	EndGlobalSection
EndGlobal
