
Microsoft Visual Studio Solution File, Format Version 12.00
# Visual Studio Express 2012 for Windows Desktop
Project("{FAE04EC0-301F-11D3-BF4B-00C04F79EFBC}") = "Oefeningen_08.03_Rekenen", "Oefeningen_08.03_Rekenen\Oefeningen_08.03_Rekenen.csproj", "{07BDF5FA-F5B9-4261-9550-53CC0DB10E2D}"
EndProject
Global
	GlobalSection(SolutionConfigurationPlatforms) = preSolution
		Debug|Any CPU = Debug|Any CPU
		Release|Any CPU = Release|Any CPU
	EndGlobalSection
	GlobalSection(ProjectConfigurationPlatforms) = postSolution
		{07BDF5FA-F5B9-4261-9550-53CC0DB10E2D}.Debug|Any CPU.ActiveCfg = Debug|Any CPU
		{07BDF5FA-F5B9-4261-9550-53CC0DB10E2D}.Debug|Any CPU.Build.0 = Debug|Any CPU
		{07BDF5FA-F5B9-4261-9550-53CC0DB10E2D}.Release|Any CPU.ActiveCfg = Release|Any CPU
		{07BDF5FA-F5B9-4261-9550-53CC0DB10E2D}.Release|Any CPU.Build.0 = Release|Any CPU
	EndGlobalSection
	GlobalSection(SolutionProperties) = preSolution
		HideSolutionNode = FALSE
	EndGlobalSection
EndGlobal
