
Microsoft Visual Studio Solution File, Format Version 12.00
# Visual Studio 14
VisualStudioVersion = 14.0.25420.1
MinimumVisualStudioVersion = 10.0.40219.1
Project("{FAE04EC0-301F-11D3-BF4B-00C04F79EFBC}") = "Oefeningen_05.06_WetVanOhm", "Oefeningen_05.06_WetVanOhm\Oefeningen_05.06_WetVanOhm.csproj", "{65D12E96-DBAC-4DA6-9DE5-06C0D7BEE903}"
EndProject
Global
	GlobalSection(SolutionConfigurationPlatforms) = preSolution
		Debug|Any CPU = Debug|Any CPU
		Release|Any CPU = Release|Any CPU
	EndGlobalSection
	GlobalSection(ProjectConfigurationPlatforms) = postSolution
		{65D12E96-DBAC-4DA6-9DE5-06C0D7BEE903}.Debug|Any CPU.ActiveCfg = Debug|Any CPU
		{65D12E96-DBAC-4DA6-9DE5-06C0D7BEE903}.Debug|Any CPU.Build.0 = Debug|Any CPU
		{65D12E96-DBAC-4DA6-9DE5-06C0D7BEE903}.Release|Any CPU.ActiveCfg = Release|Any CPU
		{65D12E96-DBAC-4DA6-9DE5-06C0D7BEE903}.Release|Any CPU.Build.0 = Release|Any CPU
	EndGlobalSection
	GlobalSection(SolutionProperties) = preSolution
		HideSolutionNode = FALSE
	EndGlobalSection
EndGlobal
